
Microsoft Visual Studio Solution File, Format Version 12.00
# Visual Studio Version 17
VisualStudioVersion = 17.1.32328.378
MinimumVisualStudioVersion = 10.0.40219.1
Project("{FAE04EC0-301F-11D3-BF4B-00C04F79EFBC}") = "hotel_api", "hotel_api\hotel_api.csproj", "{60024FFC-5EBF-4F14-9B53-097CB1B065CB}"
EndProject
Global
	GlobalSection(SolutionConfigurationPlatforms) = preSolution
		Debug|Any CPU = Debug|Any CPU
		Release|Any CPU = Release|Any CPU
	EndGlobalSection
	GlobalSection(ProjectConfigurationPlatforms) = postSolution
		{60024FFC-5EBF-4F14-9B53-097CB1B065CB}.Debug|Any CPU.ActiveCfg = Debug|Any CPU
		{60024FFC-5EBF-4F14-9B53-097CB1B065CB}.Debug|Any CPU.Build.0 = Debug|Any CPU
		{60024FFC-5EBF-4F14-9B53-097CB1B065CB}.Release|Any CPU.ActiveCfg = Release|Any CPU
		{60024FFC-5EBF-4F14-9B53-097CB1B065CB}.Release|Any CPU.Build.0 = Release|Any CPU
	EndGlobalSection
	GlobalSection(SolutionProperties) = preSolution
		HideSolutionNode = FALSE
	EndGlobalSection
	GlobalSection(ExtensibilityGlobals) = postSolution
		SolutionGuid = {3A1EF542-CBCB-4E11-BFE7-0881CC33FBA8}
	EndGlobalSection
EndGlobal
